{
    "version": 3,
    "terraform_version": "0.11.7",
    "serial": 12,
    "lineage": "026ba8dd-3c1c-c216-0a20-319a99da22c7",
    "modules": [
        {
            "path": [
                "root"
            ],
            "outputs": {},
            "resources": {
                "aws_iam_instance_profile.test_profile": {
                    "type": "aws_iam_instance_profile",
                    "depends_on": [],
                    "primary": {
                        "id": "profile",
                        "attributes": {
                            "arn": "arn:aws:iam::283451237017:instance-profile/profile",
                            "create_date": "2019-02-05T03:36:49Z",
                            "id": "profile",
                            "name": "profile",
                            "path": "/",
                            "role": "admin",
                            "roles.#": "0",
                            "unique_id": "AIPAICJHQU6E43XZ7X3L4"
                        },
                        "meta": {},
                        "tainted": false
                    },
                    "deposed": [],
                    "provider": "provider.aws"
                },
                "aws_instance.web1": {
                    "type": "aws_instance",
                    "depends_on": [
                        "aws_iam_instance_profile.test_profile"
                    ],
                    "primary": {
                        "id": "i-00e4677953d3f8866",
                        "attributes": {
                            "ami": "ami-b70554c8",
                            "arn": "arn:aws:ec2:us-east-1:283451237017:instance/i-00e4677953d3f8866",
                            "associate_public_ip_address": "true",
                            "availability_zone": "us-east-1a",
                            "cpu_core_count": "1",
                            "cpu_threads_per_core": "1",
                            "credit_specification.#": "1",
                            "credit_specification.0.cpu_credits": "standard",
                            "disable_api_termination": "false",
                            "ebs_block_device.#": "0",
                            "ebs_optimized": "false",
                            "ephemeral_block_device.#": "0",
                            "get_password_data": "false",
                            "iam_instance_profile": "profile",
                            "id": "i-00e4677953d3f8866",
                            "instance_state": "running",
                            "instance_type": "t2.micro",
                            "ipv6_addresses.#": "0",
                            "key_name": "rupesh_vir",
                            "monitoring": "false",
                            "network_interface.#": "0",
                            "network_interface_id": "eni-07a0710edc67a5446",
                            "password_data": "",
                            "placement_group": "",
                            "primary_network_interface_id": "eni-07a0710edc67a5446",
                            "private_dns": "ip-172-31-95-147.ec2.internal",
                            "private_ip": "172.31.95.147",
                            "public_dns": "ec2-3-90-4-159.compute-1.amazonaws.com",
                            "public_ip": "3.90.4.159",
                            "root_block_device.#": "1",
                            "root_block_device.0.delete_on_termination": "true",
                            "root_block_device.0.iops": "100",
                            "root_block_device.0.volume_id": "vol-09d88eb04c4564aaf",
                            "root_block_device.0.volume_size": "8",
                            "root_block_device.0.volume_type": "gp2",
                            "security_groups.#": "1",
                            "security_groups.3814588639": "default",
                            "source_dest_check": "true",
                            "subnet_id": "subnet-866701a8",
                            "tags.%": "1",
                            "tags.Name": "Instance1",
                            "tenancy": "default",
                            "user_data": "ddfa80b86475af1216441a7acd6ec0549f905f17",
                            "volume_tags.%": "0",
                            "vpc_security_group_ids.#": "1",
                            "vpc_security_group_ids.3926049964": "sg-bec29ffd"
                        },
                        "meta": {
                            "e2bfb730-ecaa-11e6-8f88-34363bc7c4c0": {
                                "create": 600000000000,
                                "delete": 1200000000000,
                                "update": 600000000000
                            },
                            "schema_version": "1"
                        },
                        "tainted": false
                    },
                    "deposed": [],
                    "provider": "provider.aws"
                }
            },
            "depends_on": []
        }
    ]
}
